
Microsoft Visual Studio Solution File, Format Version 12.00
# Visual Studio Version 16
VisualStudioVersion = 16.0.32002.261
MinimumVisualStudioVersion = 10.0.40219.1
Project("{FAE04EC0-301F-11D3-BF4B-00C04F79EFBC}") = "22 Laba", "22 Laba\22 Laba.csproj", "{A83E36D8-8192-4FB6-ADAE-B1DCEBA7604A}"
EndProject
Global
	GlobalSection(SolutionConfigurationPlatforms) = preSolution
		Debug|Any CPU = Debug|Any CPU
		Release|Any CPU = Release|Any CPU
	EndGlobalSection
	GlobalSection(ProjectConfigurationPlatforms) = postSolution
		{A83E36D8-8192-4FB6-ADAE-B1DCEBA7604A}.Debug|Any CPU.ActiveCfg = Debug|Any CPU
		{A83E36D8-8192-4FB6-ADAE-B1DCEBA7604A}.Debug|Any CPU.Build.0 = Debug|Any CPU
		{A83E36D8-8192-4FB6-ADAE-B1DCEBA7604A}.Release|Any CPU.ActiveCfg = Release|Any CPU
		{A83E36D8-8192-4FB6-ADAE-B1DCEBA7604A}.Release|Any CPU.Build.0 = Release|Any CPU
	EndGlobalSection
	GlobalSection(SolutionProperties) = preSolution
		HideSolutionNode = FALSE
	EndGlobalSection
	GlobalSection(ExtensibilityGlobals) = postSolution
		SolutionGuid = {C94C497E-9E79-42EC-94D3-8EB433ECA1AB}
	EndGlobalSection
EndGlobal
